
Microsoft Visual Studio Solution File, Format Version 12.00
# Visual Studio 15
VisualStudioVersion = 15.0.27428.1
MinimumVisualStudioVersion = 10.0.40219.1
Project("{FAE04EC0-301F-11D3-BF4B-00C04F79EFBC}") = "GameOfNim", "GameOfNim\GameOfNim.csproj", "{1B86A3A7-0BA4-4B0C-9386-CF983C7188BC}"
EndProject
Project("{FAE04EC0-301F-11D3-BF4B-00C04F79EFBC}") = "GameOfNimUnitTesting", "GameOfNimUnitTesting\GameOfNimUnitTesting.csproj", "{7BD6C35C-3940-4A7A-A87A-F5E4C316E389}"
EndProject
Global
	GlobalSection(SolutionConfigurationPlatforms) = preSolution
		Debug|Any CPU = Debug|Any CPU
		Release|Any CPU = Release|Any CPU
	EndGlobalSection
	GlobalSection(ProjectConfigurationPlatforms) = postSolution
		{1B86A3A7-0BA4-4B0C-9386-CF983C7188BC}.Debug|Any CPU.ActiveCfg = Debug|Any CPU
		{1B86A3A7-0BA4-4B0C-9386-CF983C7188BC}.Debug|Any CPU.Build.0 = Debug|Any CPU
		{1B86A3A7-0BA4-4B0C-9386-CF983C7188BC}.Release|Any CPU.ActiveCfg = Release|Any CPU
		{1B86A3A7-0BA4-4B0C-9386-CF983C7188BC}.Release|Any CPU.Build.0 = Release|Any CPU
		{7BD6C35C-3940-4A7A-A87A-F5E4C316E389}.Debug|Any CPU.ActiveCfg = Debug|Any CPU
		{7BD6C35C-3940-4A7A-A87A-F5E4C316E389}.Debug|Any CPU.Build.0 = Debug|Any CPU
		{7BD6C35C-3940-4A7A-A87A-F5E4C316E389}.Release|Any CPU.ActiveCfg = Release|Any CPU
		{7BD6C35C-3940-4A7A-A87A-F5E4C316E389}.Release|Any CPU.Build.0 = Release|Any CPU
	EndGlobalSection
	GlobalSection(SolutionProperties) = preSolution
		HideSolutionNode = FALSE
	EndGlobalSection
	GlobalSection(ExtensibilityGlobals) = postSolution
		SolutionGuid = {401B910D-64FD-4754-9BDE-B8DC65797215}
	EndGlobalSection
EndGlobal
